
Microsoft Visual Studio Solution File, Format Version 12.00
# Visual Studio Version 17
VisualStudioVersion = 17.11.35222.181
MinimumVisualStudioVersion = 10.0.40219.1
Project("{FAE04EC0-301F-11D3-BF4B-00C04F79EFBC}") = "TPCsharp_Roman", "TPCsharp_Roman.csproj", "{9E03619F-28AE-4313-9705-11B32B266356}"
EndProject
Project("{9A19103F-16F7-4668-BE54-9A1E7A4F7556}") = "AppConsoleLivre", "..\AppConsoleLivre\AppConsoleLivre.csproj", "{F1571BCA-0FC6-4302-8FCC-E9DAEA259EA1}"
EndProject
Project("{9A19103F-16F7-4668-BE54-9A1E7A4F7556}") = "AppConsoleHeritage", "..\AppConsoleHeritage\AppConsoleHeritage.csproj", "{57C3AF30-832D-4282-9094-01D68733D25B}"
EndProject
Global
	GlobalSection(SolutionConfigurationPlatforms) = preSolution
		Debug|Any CPU = Debug|Any CPU
		Release|Any CPU = Release|Any CPU
	EndGlobalSection
	GlobalSection(ProjectConfigurationPlatforms) = postSolution
		{9E03619F-28AE-4313-9705-11B32B266356}.Debug|Any CPU.ActiveCfg = Debug|Any CPU
		{9E03619F-28AE-4313-9705-11B32B266356}.Debug|Any CPU.Build.0 = Debug|Any CPU
		{9E03619F-28AE-4313-9705-11B32B266356}.Release|Any CPU.ActiveCfg = Release|Any CPU
		{9E03619F-28AE-4313-9705-11B32B266356}.Release|Any CPU.Build.0 = Release|Any CPU
		{F1571BCA-0FC6-4302-8FCC-E9DAEA259EA1}.Debug|Any CPU.ActiveCfg = Debug|Any CPU
		{F1571BCA-0FC6-4302-8FCC-E9DAEA259EA1}.Debug|Any CPU.Build.0 = Debug|Any CPU
		{F1571BCA-0FC6-4302-8FCC-E9DAEA259EA1}.Release|Any CPU.ActiveCfg = Release|Any CPU
		{F1571BCA-0FC6-4302-8FCC-E9DAEA259EA1}.Release|Any CPU.Build.0 = Release|Any CPU
		{57C3AF30-832D-4282-9094-01D68733D25B}.Debug|Any CPU.ActiveCfg = Debug|Any CPU
		{57C3AF30-832D-4282-9094-01D68733D25B}.Debug|Any CPU.Build.0 = Debug|Any CPU
		{57C3AF30-832D-4282-9094-01D68733D25B}.Release|Any CPU.ActiveCfg = Release|Any CPU
		{57C3AF30-832D-4282-9094-01D68733D25B}.Release|Any CPU.Build.0 = Release|Any CPU
	EndGlobalSection
	GlobalSection(SolutionProperties) = preSolution
		HideSolutionNode = FALSE
	EndGlobalSection
	GlobalSection(ExtensibilityGlobals) = postSolution
		SolutionGuid = {6DB201B4-31C9-4E4D-B809-D0C137D6A0F9}
	EndGlobalSection
EndGlobal
